
Microsoft Visual Studio Solution File, Format Version 12.00
# Visual Studio Version 17
VisualStudioVersion = 17.7.34024.191
MinimumVisualStudioVersion = 10.0.40219.1
Project("{FAE04EC0-301F-11D3-BF4B-00C04F79EFBC}") = "apiTest", "apiTest\apiTest.csproj", "{729EFEF9-2512-4FD9-8F2B-2411589C6966}"
EndProject
Global
	GlobalSection(SolutionConfigurationPlatforms) = preSolution
		Debug|Any CPU = Debug|Any CPU
		Release|Any CPU = Release|Any CPU
	EndGlobalSection
	GlobalSection(ProjectConfigurationPlatforms) = postSolution
		{729EFEF9-2512-4FD9-8F2B-2411589C6966}.Debug|Any CPU.ActiveCfg = Debug|Any CPU
		{729EFEF9-2512-4FD9-8F2B-2411589C6966}.Debug|Any CPU.Build.0 = Debug|Any CPU
		{729EFEF9-2512-4FD9-8F2B-2411589C6966}.Release|Any CPU.ActiveCfg = Release|Any CPU
		{729EFEF9-2512-4FD9-8F2B-2411589C6966}.Release|Any CPU.Build.0 = Release|Any CPU
	EndGlobalSection
	GlobalSection(SolutionProperties) = preSolution
		HideSolutionNode = FALSE
	EndGlobalSection
	GlobalSection(ExtensibilityGlobals) = postSolution
		SolutionGuid = {28872B58-76D5-4C9E-8C78-5AB6AB00CDBB}
	EndGlobalSection
EndGlobal
